{
  "name": "sonarjs",
  "version": "0.2.0-7",
  "lockfileVersion": 1,
  "requires": true,
  "dependencies": {
    "@types/form-data": {
      "version": "2.2.1",
      "resolved": "https://registry.npmjs.org/@types/form-data/-/form-data-2.2.1.tgz",
      "integrity": "sha512-JAMFhOaHIciYVh8fb5/83nmuO/AHwmto+Hq7a9y8FzLDcC1KCU344XDOMEmahnrTFlHjgh4L0WJFczNIX2GxnQ==",
      "dev": true,
      "requires": {
        "@types/node": "8.0.57"
      }
    },
    "@types/node": {
      "version": "8.0.57",
      "resolved": "https://registry.npmjs.org/@types/node/-/node-8.0.57.tgz",
      "integrity": "sha512-ZxrhcBxlZA7tn0HFf7ebUYfR9aHyBgjyavBLzyrYMYuAMbONBPY4S5O35562iV2FfwnZCjQky3gTDy1B3jSZ2Q==",
      "dev": true
    },
    "@types/request": {
      "version": "2.0.8",
      "resolved": "https://registry.npmjs.org/@types/request/-/request-2.0.8.tgz",
      "integrity": "sha512-fp8gsp0Qlq5wRas4UDjzayBxzWtQVcIumsMaHnNJzrk1Skx4WRpX5/HchSdZZf5/3Jp9m59EUBIGSI6mQEMOOg==",
      "dev": true,
      "requires": {
        "@types/form-data": "2.2.1",
        "@types/node": "8.0.57"
      }
    }
  }
}
